// !$*UTF8*$!
{
	archiveVersion = 1;
	classes = {
	};
	objectVersion = 46;
	objects = {

/* Begin PBXBuildFile section */
		05D0AF521EFA8A8D00BFC532 /* AppDelegate.swift in Sources */ = {isa = PBXBuildFile; fileRef = 05D0AF511EFA8A8D00BFC532 /* AppDelegate.swift */; };
		05D0AF541EFA8A8D00BFC532 /* ViewController.swift in Sources */ = {isa = PBXBuildFile; fileRef = 05D0AF531EFA8A8D00BFC532 /* ViewController.swift */; };
		05D0AF571EFA8A8D00BFC532 /* Main.storyboard in Resources */ = {isa = PBXBuildFile; fileRef = 05D0AF551EFA8A8D00BFC532 /* Main.storyboard */; };
		05D0AF591EFA8A8D00BFC532 /* Assets.xcassets in Resources */ = {isa = PBXBuildFile; fileRef = 05D0AF581EFA8A8D00BFC532 /* Assets.xcassets */; };
		05D0AF5C1EFA8A8D00BFC532 /* LaunchScreen.storyboard in Resources */ = {isa = PBXBuildFile; fileRef = 05D0AF5A1EFA8A8D00BFC532 /* LaunchScreen.storyboard */; };
		05D0AF671EFA8A8D00BFC532 /* AutolayOutDemoTests.swift in Sources */ = {isa = PBXBuildFile; fileRef = 05D0AF661EFA8A8D00BFC532 /* AutolayOutDemoTests.swift */; };
		05D0AF721EFA8A8D00BFC532 /* AutolayOutDemoUITests.swift in Sources */ = {isa = PBXBuildFile; fileRef = 05D0AF711EFA8A8D00BFC532 /* AutolayOutDemoUITests.swift */; };
/* End PBXBuildFile section */

/* Begin PBXContainerItemProxy section */
		05D0AF631EFA8A8D00BFC532 /* PBXContainerItemProxy */ = {
			isa = PBXContainerItemProxy;
			containerPortal = 05D0AF461EFA8A8D00BFC532 /* Project object */;
			proxyType = 1;
			remoteGlobalIDString = 05D0AF4D1EFA8A8D00BFC532;
			remoteInfo = AutolayOutDemo;
		};
		05D0AF6E1EFA8A8D00BFC532 /* PBXContainerItemProxy */ = {
			isa = PBXContainerItemProxy;
			containerPortal = 05D0AF461EFA8A8D00BFC532 /* Project object */;
			proxyType = 1;
			remoteGlobalIDString = 05D0AF4D1EFA8A8D00BFC532;
			remoteInfo = AutolayOutDemo;
		};
/* End PBXContainerItemProxy section */

/* Begin PBXFileReference section */
		05D0AF4E1EFA8A8D00BFC532 /* AutolayOutDemo.app */ = {isa = PBXFileReference; explicitFileType = wrapper.application; includeInIndex = 0; path = AutolayOutDemo.app; sourceTree = BUILT_PRODUCTS_DIR; };
		05D0AF511EFA8A8D00BFC532 /* AppDelegate.swift */ = {isa = PBXFileReference; lastKnownFileType = sourcecode.swift; path = AppDelegate.swift; sourceTree = "<group>"; };
		05D0AF531EFA8A8D00BFC532 /* ViewController.swift */ = {isa = PBXFileReference; lastKnownFileType = sourcecode.swift; path = ViewController.swift; sourceTree = "<group>"; };
		05D0AF561EFA8A8D00BFC532 /* Base */ = {isa = PBXFileReference; lastKnownFileType = file.storyboard; name = Base; path = Base.lproj/Main.storyboard; sourceTree = "<group>"; };
		05D0AF581EFA8A8D00BFC532 /* Assets.xcassets */ = {isa = PBXFileReference; lastKnownFileType = folder.assetcatalog; path = Assets.xcassets; sourceTree = "<group>"; };
		05D0AF5B1EFA8A8D00BFC532 /* Base */ = {isa = PBXFileReference; lastKnownFileType = file.storyboard; name = Base; path = Base.lproj/LaunchScreen.storyboard; sourceTree = "<group>"; };
		05D0AF5D1EFA8A8D00BFC532 /* Info.plist */ = {isa = PBXFileReference; lastKnownFileType = text.plist.xml; path = Info.plist; sourceTree = "<group>"; };
		05D0AF621EFA8A8D00BFC532 /* AutolayOutDemoTests.xctest */ = {isa = PBXFileReference; explicitFileType = wrapper.cfbundle; includeInIndex = 0; path = AutolayOutDemoTests.xctest; sourceTree = BUILT_PRODUCTS_DIR; };
		05D0AF661EFA8A8D00BFC532 /* AutolayOutDemoTests.swift */ = {isa = PBXFileReference; lastKnownFileType = sourcecode.swift; path = AutolayOutDemoTests.swift; sourceTree = "<group>"; };
		05D0AF681EFA8A8D00BFC532 /* Info.plist */ = {isa = PBXFileReference; lastKnownFileType = text.plist.xml; path = Info.plist; sourceTree = "<group>"; };
		05D0AF6D1EFA8A8D00BFC532 /* AutolayOutDemoUITests.xctest */ = {isa = PBXFileReference; explicitFileType = wrapper.cfbundle; includeInIndex = 0; path = AutolayOutDemoUITests.xctest; sourceTree = BUILT_PRODUCTS_DIR; };
		05D0AF711EFA8A8D00BFC532 /* AutolayOutDemoUITests.swift */ = {isa = PBXFileReference; lastKnownFileType = sourcecode.swift; path = AutolayOutDemoUITests.swift; sourceTree = "<group>"; };
		05D0AF731EFA8A8D00BFC532 /* Info.plist */ = {isa = PBXFileReference; lastKnownFileType = text.plist.xml; path = Info.plist; sourceTree = "<group>"; };
/* End PBXFileReference section */

/* Begin PBXFrameworksBuildPhase section */
		05D0AF4B1EFA8A8D00BFC532 /* Frameworks */ = {
			isa = PBXFrameworksBuildPhase;
			buildActionMask = 2147483647;
			files = (
			);
			runOnlyForDeploymentPostprocessing = 0;
		};
		05D0AF5F1EFA8A8D00BFC532 /* Frameworks */ = {
			isa = PBXFrameworksBuildPhase;
			buildActionMask = 2147483647;
			files = (
			);
			runOnlyForDeploymentPostprocessing = 0;
		};
		05D0AF6A1EFA8A8D00BFC532 /* Frameworks */ = {
			isa = PBXFrameworksBuildPhase;
			buildActionMask = 2147483647;
			files = (
			);
			runOnlyForDeploymentPostprocessing = 0;
		};
/* End PBXFrameworksBuildPhase section */

/* Begin PBXGroup section */
		05D0AF451EFA8A8D00BFC532 = {
			isa = PBXGroup;
			children = (
				05D0AF501EFA8A8D00BFC532 /* AutolayOutDemo */,
				05D0AF651EFA8A8D00BFC532 /* AutolayOutDemoTests */,
				05D0AF701EFA8A8D00BFC532 /* AutolayOutDemoUITests */,
				05D0AF4F1EFA8A8D00BFC532 /* Products */,
			);
			sourceTree = "<group>";
		};
		05D0AF4F1EFA8A8D00BFC532 /* Products */ = {
			isa = PBXGroup;
			children = (
				05D0AF4E1EFA8A8D00BFC532 /* AutolayOutDemo.app */,
				05D0AF621EFA8A8D00BFC532 /* AutolayOutDemoTests.xctest */,
				05D0AF6D1EFA8A8D00BFC532 /* AutolayOutDemoUITests.xctest */,
			);
			name = Products;
			sourceTree = "<group>";
		};
		05D0AF501EFA8A8D00BFC532 /* AutolayOutDemo */ = {
			isa = PBXGroup;
			children = (
				05D0AF511EFA8A8D00BFC532 /* AppDelegate.swift */,
				05D0AF531EFA8A8D00BFC532 /* ViewController.swift */,
				05D0AF551EFA8A8D00BFC532 /* Main.storyboard */,
				05D0AF581EFA8A8D00BFC532 /* Assets.xcassets */,
				05D0AF5A1EFA8A8D00BFC532 /* LaunchScreen.storyboard */,
				05D0AF5D1EFA8A8D00BFC532 /* Info.plist */,
			);
			path = AutolayOutDemo;
			sourceTree = "<group>";
		};
		05D0AF651EFA8A8D00BFC532 /* AutolayOutDemoTests */ = {
			isa = PBXGroup;
			children = (
				05D0AF661EFA8A8D00BFC532 /* AutolayOutDemoTests.swift */,
				05D0AF681EFA8A8D00BFC532 /* Info.plist */,
			);
			path = AutolayOutDemoTests;
			sourceTree = "<group>";
		};
		05D0AF701EFA8A8D00BFC532 /* AutolayOutDemoUITests */ = {
			isa = PBXGroup;
			children = (
				05D0AF711EFA8A8D00BFC532 /* AutolayOutDemoUITests.swift */,
				05D0AF731EFA8A8D00BFC532 /* Info.plist */,
			);
			path = AutolayOutDemoUITests;
			sourceTree = "<group>";
		};
/* End PBXGroup section */

/* Begin PBXNativeTarget section */
		05D0AF4D1EFA8A8D00BFC532 /* AutolayOutDemo */ = {
			isa = PBXNativeTarget;
			buildConfigurationList = 05D0AF761EFA8A8D00BFC532 /* Build configuration list for PBXNativeTarget "AutolayOutDemo" */;
			buildPhases = (
				05D0AF4A1EFA8A8D00BFC532 /* Sources */,
				05D0AF4B1EFA8A8D00BFC532 /* Frameworks */,
				05D0AF4C1EFA8A8D00BFC532 /* Resources */,
			);
			buildRules = (
			);
			dependencies = (
			);
			name = AutolayOutDemo;
			productName = AutolayOutDemo;
			productReference = 05D0AF4E1EFA8A8D00BFC532 /* AutolayOutDemo.app */;
			productType = "com.apple.product-type.application";
		};
		05D0AF611EFA8A8D00BFC532 /* AutolayOutDemoTests */ = {
			isa = PBXNativeTarget;
			buildConfigurationList = 05D0AF791EFA8A8D00BFC532 /* Build configuration list for PBXNativeTarget "AutolayOutDemoTests" */;
			buildPhases = (
				05D0AF5E1EFA8A8D00BFC532 /* Sources */,
				05D0AF5F1EFA8A8D00BFC532 /* Frameworks */,
				05D0AF601EFA8A8D00BFC532 /* Resources */,
			);
			buildRules = (
			);
			dependencies = (
				05D0AF641EFA8A8D00BFC532 /* PBXTargetDependency */,
			);
			name = AutolayOutDemoTests;
			productName = AutolayOutDemoTests;
			productReference = 05D0AF621EFA8A8D00BFC532 /* AutolayOutDemoTests.xctest */;
			productType = "com.apple.product-type.bundle.unit-test";
		};
		05D0AF6C1EFA8A8D00BFC532 /* AutolayOutDemoUITests */ = {
			isa = PBXNativeTarget;
			buildConfigurationList = 05D0AF7C1EFA8A8D00BFC532 /* Build configuration list for PBXNativeTarget "AutolayOutDemoUITests" */;
			buildPhases = (
				05D0AF691EFA8A8D00BFC532 /* Sources */,
				05D0AF6A1EFA8A8D00BFC532 /* Frameworks */,
				05D0AF6B1EFA8A8D00BFC532 /* Resources */,
			);
			buildRules = (
			);
			dependencies = (
				05D0AF6F1EFA8A8D00BFC532 /* PBXTargetDependency */,
			);
			name = AutolayOutDemoUITests;
			productName = AutolayOutDemoUITests;
			productReference = 05D0AF6D1EFA8A8D00BFC532 /* AutolayOutDemoUITests.xctest */;
			productType = "com.apple.product-type.bundle.ui-testing";
		};
/* End PBXNativeTarget section */

/* Begin PBXProject section */
		05D0AF461EFA8A8D00BFC532 /* Project object */ = {
			isa = PBXProject;
			attributes = {
				LastSwiftUpdateCheck = 0830;
				LastUpgradeCheck = 0830;
				ORGANIZATIONNAME = Lucky;
				TargetAttributes = {
					05D0AF4D1EFA8A8D00BFC532 = {
						CreatedOnToolsVersion = 8.3.3;
						ProvisioningStyle = Automatic;
					};
					05D0AF611EFA8A8D00BFC532 = {
						CreatedOnToolsVersion = 8.3.3;
						ProvisioningStyle = Automatic;
						TestTargetID = 05D0AF4D1EFA8A8D00BFC532;
					};
					05D0AF6C1EFA8A8D00BFC532 = {
						CreatedOnToolsVersion = 8.3.3;
						ProvisioningStyle = Automatic;
						TestTargetID = 05D0AF4D1EFA8A8D00BFC532;
					};
				};
			};
			buildConfigurationList = 05D0AF491EFA8A8D00BFC532 /* Build configuration list for PBXProject "AutolayOutDemo" */;
			compatibilityVersion = "Xcode 3.2";
			developmentRegion = English;
			hasScannedForEncodings = 0;
			knownRegions = (
				en,
				Base,
			);
			mainGroup = 05D0AF451EFA8A8D00BFC532;
			productRefGroup = 05D0AF4F1EFA8A8D00BFC532 /* Products */;
			projectDirPath = "";
			projectRoot = "";
			targets = (
				05D0AF4D1EFA8A8D00BFC532 /* AutolayOutDemo */,
				05D0AF611EFA8A8D00BFC532 /* AutolayOutDemoTests */,
				05D0AF6C1EFA8A8D00BFC532 /* AutolayOutDemoUITests */,
			);
		};
/* End PBXProject section */

/* Begin PBXResourcesBuildPhase section */
		05D0AF4C1EFA8A8D00BFC532 /* Resources */ = {
			isa = PBXResourcesBuildPhase;
			buildActionMask = 2147483647;
			files = (
				05D0AF5C1EFA8A8D00BFC532 /* LaunchScreen.storyboard in Resources */,
				05D0AF591EFA8A8D00BFC532 /* Assets.xcassets in Resources */,
				05D0AF571EFA8A8D00BFC532 /* Main.storyboard in Resources */,
			);
			runOnlyForDeploymentPostprocessing = 0;
		};
		05D0AF601EFA8A8D00BFC532 /* Resources */ = {
			isa = PBXResourcesBuildPhase;
			buildActionMask = 2147483647;
			files = (
			);
			runOnlyForDeploymentPostprocessing = 0;
		};
		05D0AF6B1EFA8A8D00BFC532 /* Resources */ = {
			isa = PBXResourcesBuildPhase;
			buildActionMask = 2147483647;
			files = (
			);
			runOnlyForDeploymentPostprocessing = 0;
		};
/* End PBXResourcesBuildPhase section */

/* Begin PBXSourcesBuildPhase section */
		05D0AF4A1EFA8A8D00BFC532 /* Sources */ = {
			isa = PBXSourcesBuildPhase;
			buildActionMask = 2147483647;
			files = (
				05D0AF541EFA8A8D00BFC532 /* ViewController.swift in Sources */,
				05D0AF521EFA8A8D00BFC532 /* AppDelegate.swift in Sources */,
			);
			runOnlyForDeploymentPostprocessing = 0;
		};
		05D0AF5E1EFA8A8D00BFC532 /* Sources */ = {
			isa = PBXSourcesBuildPhase;
			buildActionMask = 2147483647;
			files = (
				05D0AF671EFA8A8D00BFC532 /* AutolayOutDemoTests.swift in Sources */,
			);
			runOnlyForDeploymentPostprocessing = 0;
		};
		05D0AF691EFA8A8D00BFC532 /* Sources */ = {
			isa = PBXSourcesBuildPhase;
			buildActionMask = 2147483647;
			files = (
				05D0AF721EFA8A8D00BFC532 /* AutolayOutDemoUITests.swift in Sources */,
			);
			runOnlyForDeploymentPostprocessing = 0;
		};
/* End PBXSourcesBuildPhase section */

/* Begin PBXTargetDependency section */
		05D0AF641EFA8A8D00BFC532 /* PBXTargetDependency */ = {
			isa = PBXTargetDependency;
			target = 05D0AF4D1EFA8A8D00BFC532 /* AutolayOutDemo */;
			targetProxy = 05D0AF631EFA8A8D00BFC532 /* PBXContainerItemProxy */;
		};
		05D0AF6F1EFA8A8D00BFC532 /* PBXTargetDependency */ = {
			isa = PBXTargetDependency;
			target = 05D0AF4D1EFA8A8D00BFC532 /* AutolayOutDemo */;
			targetProxy = 05D0AF6E1EFA8A8D00BFC532 /* PBXContainerItemProxy */;
		};
/* End PBXTargetDependency section */

/* Begin PBXVariantGroup section */
		05D0AF551EFA8A8D00BFC532 /* Main.storyboard */ = {
			isa = PBXVariantGroup;
			children = (
				05D0AF561EFA8A8D00BFC532 /* Base */,
			);
			name = Main.storyboard;
			sourceTree = "<group>";
		};
		05D0AF5A1EFA8A8D00BFC532 /* LaunchScreen.storyboard */ = {
			isa = PBXVariantGroup;
			children = (
				05D0AF5B1EFA8A8D00BFC532 /* Base */,
			);
			name = LaunchScreen.storyboard;
			sourceTree = "<group>";
		};
/* End PBXVariantGroup section */

/* Begin XCBuildConfiguration section */
		05D0AF741EFA8A8D00BFC532 /* Debug */ = {
			isa = XCBuildConfiguration;
			buildSettings = {
				ALWAYS_SEARCH_USER_PATHS = NO;
				CLANG_ANALYZER_NONNULL = YES;
				CLANG_ANALYZER_NUMBER_OBJECT_CONVERSION = YES_AGGRESSIVE;
				CLANG_CXX_LANGUAGE_STANDARD = "gnu++0x";
				CLANG_CXX_LIBRARY = "libc++";
				CLANG_ENABLE_MODULES = YES;
				CLANG_ENABLE_OBJC_ARC = YES;
				CLANG_WARN_BOOL_CONVERSION = YES;
				CLANG_WARN_CONSTANT_CONVERSION = YES;
				CLANG_WARN_DIRECT_OBJC_ISA_USAGE = YES_ERROR;
				CLANG_WARN_DOCUMENTATION_COMMENTS = YES;
				CLANG_WARN_EMPTY_BODY = YES;
				CLANG_WARN_ENUM_CONVERSION = YES;
				CLANG_WARN_INFINITE_RECURSION = YES;
				CLANG_WARN_INT_CONVERSION = YES;
				CLANG_WARN_OBJC_ROOT_CLASS = YES_ERROR;
				CLANG_WARN_SUSPICIOUS_MOVE = YES;
				CLANG_WARN_UNREACHABLE_CODE = YES;
				CLANG_WARN__DUPLICATE_METHOD_MATCH = YES;
				"CODE_SIGN_IDENTITY[sdk=iphoneos*]" = "iPhone Developer";
				COPY_PHASE_STRIP = NO;
				DEBUG_INFORMATION_FORMAT = dwarf;
				ENABLE_STRICT_OBJC_MSGSEND = YES;
				ENABLE_TESTABILITY = YES;
				GCC_C_LANGUAGE_STANDARD = gnu99;
				GCC_DYNAMIC_NO_PIC = NO;
				GCC_NO_COMMON_BLOCKS = YES;
				GCC_OPTIMIZATION_LEVEL = 0;
				GCC_PREPROCESSOR_DEFINITIONS = (
					"DEBUG=1",
					"$(inherited)",
				);
				GCC_WARN_64_TO_32_BIT_CONVERSION = YES;
				GCC_WARN_ABOUT_RETURN_TYPE = YES_ERROR;
				GCC_WARN_UNDECLARED_SELECTOR = YES;
				GCC_WARN_UNINITIALIZED_AUTOS = YES_AGGRESSIVE;
				GCC_WARN_UNUSED_FUNCTION = YES;
				GCC_WARN_UNUSED_VARIABLE = YES;
				IPHONEOS_DEPLOYMENT_TARGET = 10.3;
				MTL_ENABLE_DEBUG_INFO = YES;
				ONLY_ACTIVE_ARCH = YES;
				SDKROOT = iphoneos;
				SWIFT_ACTIVE_COMPILATION_CONDITIONS = DEBUG;
				SWIFT_OPTIMIZATION_LEVEL = "-Onone";
				TARGETED_DEVICE_FAMILY = "1,2";
			};
			name = Debug;
		};
		05D0AF751EFA8A8D00BFC532 /* Release */ = {
			isa = XCBuildConfiguration;
			buildSettings = {
				ALWAYS_SEARCH_USER_PATHS = NO;
				CLANG_ANALYZER_NONNULL = YES;
				CLANG_ANALYZER_NUMBER_OBJECT_CONVERSION = YES_AGGRESSIVE;
				CLANG_CXX_LANGUAGE_STANDARD = "gnu++0x";
				CLANG_CXX_LIBRARY = "libc++";
				CLANG_ENABLE_MODULES = YES;
				CLANG_ENABLE_OBJC_ARC = YES;
				CLANG_WARN_BOOL_CONVERSION = YES;
				CLANG_WARN_CONSTANT_CONVERSION = YES;
				CLANG_WARN_DIRECT_OBJC_ISA_USAGE = YES_ERROR;
				CLANG_WARN_DOCUMENTATION_COMMENTS = YES;
				CLANG_WARN_EMPTY_BODY = YES;
				CLANG_WARN_ENUM_CONVERSION = YES;
				CLANG_WARN_INFINITE_RECURSION = YES;
				CLANG_WARN_INT_CONVERSION = YES;
				CLANG_WARN_OBJC_ROOT_CLASS = YES_ERROR;
				CLANG_WARN_SUSPICIOUS_MOVE = YES;
				CLANG_WARN_UNREACHABLE_CODE = YES;
				CLANG_WARN__DUPLICATE_METHOD_MATCH = YES;
				"CODE_SIGN_IDENTITY[sdk=iphoneos*]" = "iPhone Developer";
				COPY_PHASE_STRIP = NO;
				DEBUG_INFORMATION_FORMAT = "dwarf-with-dsym";
				ENABLE_NS_ASSERTIONS = NO;
				ENABLE_STRICT_OBJC_MSGSEND = YES;
				GCC_C_LANGUAGE_STANDARD = gnu99;
				GCC_NO_COMMON_BLOCKS = YES;
				GCC_WARN_64_TO_32_BIT_CONVERSION = YES;
				GCC_WARN_ABOUT_RETURN_TYPE = YES_ERROR;
				GCC_WARN_UNDECLARED_SELECTOR = YES;
				GCC_WARN_UNINITIALIZED_AUTOS = YES_AGGRESSIVE;
				GCC_WARN_UNUSED_FUNCTION = YES;
				GCC_WARN_UNUSED_VARIABLE = YES;
				IPHONEOS_DEPLOYMENT_TARGET = 10.3;
				MTL_ENABLE_DEBUG_INFO = NO;
				SDKROOT = iphoneos;
				SWIFT_OPTIMIZATION_LEVEL = "-Owholemodule";
				TARGETED_DEVICE_FAMILY = "1,2";
				VALIDATE_PRODUCT = YES;
			};
			name = Release;
		};
		05D0AF771EFA8A8D00BFC532 /* Debug */ = {
			isa = XCBuildConfiguration;
			buildSettings = {
				ASSETCATALOG_COMPILER_APPICON_NAME = AppIcon;
				INFOPLIST_FILE = AutolayOutDemo/Info.plist;
				LD_RUNPATH_SEARCH_PATHS = "$(inherited) @executable_path/Frameworks";
				PRODUCT_BUNDLE_IDENTIFIER = com.ram.demo.AutolayOutDemo;
				PRODUCT_NAME = "$(TARGET_NAME)";
				SWIFT_VERSION = 3.0;
			};
			name = Debug;
		};
		05D0AF781EFA8A8D00BFC532 /* Release */ = {
			isa = XCBuildConfiguration;
			buildSettings = {
				ASSETCATALOG_COMPILER_APPICON_NAME = AppIcon;
				INFOPLIST_FILE = AutolayOutDemo/Info.plist;
				LD_RUNPATH_SEARCH_PATHS = "$(inherited) @executable_path/Frameworks";
				PRODUCT_BUNDLE_IDENTIFIER = com.ram.demo.AutolayOutDemo;
				PRODUCT_NAME = "$(TARGET_NAME)";
				SWIFT_VERSION = 3.0;
			};
			name = Release;
		};
		05D0AF7A1EFA8A8D00BFC532 /* Debug */ = {
			isa = XCBuildConfiguration;
			buildSettings = {
				ALWAYS_EMBED_SWIFT_STANDARD_LIBRARIES = YES;
				BUNDLE_LOADER = "$(TEST_HOST)";
				INFOPLIST_FILE = AutolayOutDemoTests/Info.plist;
				LD_RUNPATH_SEARCH_PATHS = "$(inherited) @executable_path/Frameworks @loader_path/Frameworks";
				PRODUCT_BUNDLE_IDENTIFIER = com.ram.demo.AutolayOutDemoTests;
				PRODUCT_NAME = "$(TARGET_NAME)";
				SWIFT_VERSION = 3.0;
				TEST_HOST = "$(BUILT_PRODUCTS_DIR)/AutolayOutDemo.app/AutolayOutDemo";
			};
			name = Debug;
		};
		05D0AF7B1EFA8A8D00BFC532 /* Release */ = {
			isa = XCBuildConfiguration;
			buildSettings = {
				ALWAYS_EMBED_SWIFT_STANDARD_LIBRARIES = YES;
				BUNDLE_LOADER = "$(TEST_HOST)";
				INFOPLIST_FILE = AutolayOutDemoTests/Info.plist;
				LD_RUNPATH_SEARCH_PATHS = "$(inherited) @executable_path/Frameworks @loader_path/Frameworks";
				PRODUCT_BUNDLE_IDENTIFIER = com.ram.demo.AutolayOutDemoTests;
				PRODUCT_NAME = "$(TARGET_NAME)";
				SWIFT_VERSION = 3.0;
				TEST_HOST = "$(BUILT_PRODUCTS_DIR)/AutolayOutDemo.app/AutolayOutDemo";
			};
			name = Release;
		};
		05D0AF7D1EFA8A8D00BFC532 /* Debug */ = {
			isa = XCBuildConfiguration;
			buildSettings = {
				ALWAYS_EMBED_SWIFT_STANDARD_LIBRARIES = YES;
				INFOPLIST_FILE = AutolayOutDemoUITests/Info.plist;
				LD_RUNPATH_SEARCH_PATHS = "$(inherited) @executable_path/Frameworks @loader_path/Frameworks";
				PRODUCT_BUNDLE_IDENTIFIER = com.ram.demo.AutolayOutDemoUITests;
				PRODUCT_NAME = "$(TARGET_NAME)";
				SWIFT_VERSION = 3.0;
				TEST_TARGET_NAME = AutolayOutDemo;
			};
			name = Debug;
		};
		05D0AF7E1EFA8A8D00BFC532 /* Release */ = {
			isa = XCBuildConfiguration;
			buildSettings = {
				ALWAYS_EMBED_SWIFT_STANDARD_LIBRARIES = YES;
				INFOPLIST_FILE = AutolayOutDemoUITests/Info.plist;
				LD_RUNPATH_SEARCH_PATHS = "$(inherited) @executable_path/Frameworks @loader_path/Frameworks";
				PRODUCT_BUNDLE_IDENTIFIER = com.ram.demo.AutolayOutDemoUITests;
				PRODUCT_NAME = "$(TARGET_NAME)";
				SWIFT_VERSION = 3.0;
				TEST_TARGET_NAME = AutolayOutDemo;
			};
			name = Release;
		};
/* End XCBuildConfiguration section */

/* Begin XCConfigurationList section */
		05D0AF491EFA8A8D00BFC532 /* Build configuration list for PBXProject "AutolayOutDemo" */ = {
			isa = XCConfigurationList;
			buildConfigurations = (
				05D0AF741EFA8A8D00BFC532 /* Debug */,
				05D0AF751EFA8A8D00BFC532 /* Release */,
			);
			defaultConfigurationIsVisible = 0;
			defaultConfigurationName = Release;
		};
		05D0AF761EFA8A8D00BFC532 /* Build configuration list for PBXNativeTarget "AutolayOutDemo" */ = {
			isa = XCConfigurationList;
			buildConfigurations = (
				05D0AF771EFA8A8D00BFC532 /* Debug */,
				05D0AF781EFA8A8D00BFC532 /* Release */,
			);
			defaultConfigurationIsVisible = 0;
		};
		05D0AF791EFA8A8D00BFC532 /* Build configuration list for PBXNativeTarget "AutolayOutDemoTests" */ = {
			isa = XCConfigurationList;
			buildConfigurations = (
				05D0AF7A1EFA8A8D00BFC532 /* Debug */,
				05D0AF7B1EFA8A8D00BFC532 /* Release */,
			);
			defaultConfigurationIsVisible = 0;
		};
		05D0AF7C1EFA8A8D00BFC532 /* Build configuration list for PBXNativeTarget "AutolayOutDemoUITests" */ = {
			isa = XCConfigurationList;
			buildConfigurations = (
				05D0AF7D1EFA8A8D00BFC532 /* Debug */,
				05D0AF7E1EFA8A8D00BFC532 /* Release */,
			);
			defaultConfigurationIsVisible = 0;
		};
/* End XCConfigurationList section */
	};
	rootObject = 05D0AF461EFA8A8D00BFC532 /* Project object */;
}
